// !$*UTF8*$!
{
	archiveVersion = 1;
	classes = {
	};
	objectVersion = 50;
	objects = {

/* Begin PBXBuildFile section */
		58D95A8B265426C00070BF5D /* Settings.swift in Sources */ = {isa = PBXBuildFile; fileRef = 58D95A8A265426C00070BF5D /* Settings.swift */; };
		58EC039626542BC10064A862 /* SettingsItem.swift in Sources */ = {isa = PBXBuildFile; fileRef = 58EC039526542BC10064A862 /* SettingsItem.swift */; };
		8940670B26540F120075DBC9 /* UrbanQuizApp.swift in Sources */ = {isa = PBXBuildFile; fileRef = 8940670A26540F120075DBC9 /* UrbanQuizApp.swift */; };
		8940670D26540F120075DBC9 /* ContentView.swift in Sources */ = {isa = PBXBuildFile; fileRef = 8940670C26540F120075DBC9 /* ContentView.swift */; };
		8940670F26540F150075DBC9 /* Assets.xcassets in Resources */ = {isa = PBXBuildFile; fileRef = 8940670E26540F150075DBC9 /* Assets.xcassets */; };
		8940671226540F150075DBC9 /* Preview Assets.xcassets in Resources */ = {isa = PBXBuildFile; fileRef = 8940671126540F150075DBC9 /* Preview Assets.xcassets */; };
		894067372654261C0075DBC9 /* QuizButtonView.swift in Sources */ = {isa = PBXBuildFile; fileRef = 894067362654261C0075DBC9 /* QuizButtonView.swift */; };
		8940674526542DA40075DBC9 /* PersistantContainer.swift in Sources */ = {isa = PBXBuildFile; fileRef = 8940674426542DA40075DBC9 /* PersistantContainer.swift */; };
		8940674D26542F4C0075DBC9 /* Quiz.xcdatamodeld in Sources */ = {isa = PBXBuildFile; fileRef = 8940674B26542F4C0075DBC9 /* Quiz.xcdatamodeld */; };
		8940675026552BEC0075DBC9 /* QuestionsStorage.swift in Sources */ = {isa = PBXBuildFile; fileRef = 8940674F26552BEC0075DBC9 /* QuestionsStorage.swift */; };
		8999EBC2265C23AC00347EEE /* ViewExtensions.swift in Sources */ = {isa = PBXBuildFile; fileRef = 8999EBC1265C23AC00347EEE /* ViewExtensions.swift */; };
		8999EC57265D0BD400347EEE /* NextButtonView.swift in Sources */ = {isa = PBXBuildFile; fileRef = 8999EC56265D0BD400347EEE /* NextButtonView.swift */; };
/* End PBXBuildFile section */

/* Begin PBXFileReference section */
		58D95A8A265426C00070BF5D /* Settings.swift */ = {isa = PBXFileReference; lastKnownFileType = sourcecode.swift; path = Settings.swift; sourceTree = "<group>"; };
		58EC039526542BC10064A862 /* SettingsItem.swift */ = {isa = PBXFileReference; lastKnownFileType = sourcecode.swift; path = SettingsItem.swift; sourceTree = "<group>"; };
		8940670726540F120075DBC9 /* UrbanQuiz.app */ = {isa = PBXFileReference; explicitFileType = wrapper.application; includeInIndex = 0; path = UrbanQuiz.app; sourceTree = BUILT_PRODUCTS_DIR; };
		8940670A26540F120075DBC9 /* UrbanQuizApp.swift */ = {isa = PBXFileReference; lastKnownFileType = sourcecode.swift; path = UrbanQuizApp.swift; sourceTree = "<group>"; };
		8940670C26540F120075DBC9 /* ContentView.swift */ = {isa = PBXFileReference; lastKnownFileType = sourcecode.swift; path = ContentView.swift; sourceTree = "<group>"; };
		8940670E26540F150075DBC9 /* Assets.xcassets */ = {isa = PBXFileReference; lastKnownFileType = folder.assetcatalog; path = Assets.xcassets; sourceTree = "<group>"; };
		8940671126540F150075DBC9 /* Preview Assets.xcassets */ = {isa = PBXFileReference; lastKnownFileType = folder.assetcatalog; path = "Preview Assets.xcassets"; sourceTree = "<group>"; };
		8940671326540F150075DBC9 /* Info.plist */ = {isa = PBXFileReference; lastKnownFileType = text.plist.xml; path = Info.plist; sourceTree = "<group>"; };
		894067362654261C0075DBC9 /* QuizButtonView.swift */ = {isa = PBXFileReference; lastKnownFileType = sourcecode.swift; path = QuizButtonView.swift; sourceTree = "<group>"; };
		8940674426542DA40075DBC9 /* PersistantContainer.swift */ = {isa = PBXFileReference; lastKnownFileType = sourcecode.swift; path = PersistantContainer.swift; sourceTree = "<group>"; };
		8940674C26542F4C0075DBC9 /* Question.xcdatamodel */ = {isa = PBXFileReference; lastKnownFileType = wrapper.xcdatamodel; path = Question.xcdatamodel; sourceTree = "<group>"; };
		8940674F26552BEC0075DBC9 /* QuestionsStorage.swift */ = {isa = PBXFileReference; lastKnownFileType = sourcecode.swift; path = QuestionsStorage.swift; sourceTree = "<group>"; };
		8999EBC1265C23AC00347EEE /* ViewExtensions.swift */ = {isa = PBXFileReference; lastKnownFileType = sourcecode.swift; path = ViewExtensions.swift; sourceTree = "<group>"; };
		8999EC56265D0BD400347EEE /* NextButtonView.swift */ = {isa = PBXFileReference; lastKnownFileType = sourcecode.swift; path = NextButtonView.swift; sourceTree = "<group>"; };
/* End PBXFileReference section */

/* Begin PBXFrameworksBuildPhase section */
		8940670426540F120075DBC9 /* Frameworks */ = {
			isa = PBXFrameworksBuildPhase;
			buildActionMask = 2147483647;
			files = (
			);
			runOnlyForDeploymentPostprocessing = 0;
		};
/* End PBXFrameworksBuildPhase section */

/* Begin PBXGroup section */
		58D95A89265426B10070BF5D /* Settings */ = {
			isa = PBXGroup;
			children = (
				58D95A8A265426C00070BF5D /* Settings.swift */,
				58EC039526542BC10064A862 /* SettingsItem.swift */,
			);
			path = Settings;
			sourceTree = "<group>";
		};
		894066FE26540F120075DBC9 = {
			isa = PBXGroup;
			children = (
				8940670926540F120075DBC9 /* UrbanQuiz */,
				8940670826540F120075DBC9 /* Products */,
			);
			sourceTree = "<group>";
		};
		8940670826540F120075DBC9 /* Products */ = {
			isa = PBXGroup;
			children = (
				8940670726540F120075DBC9 /* UrbanQuiz.app */,
			);
			name = Products;
			sourceTree = "<group>";
		};
		8940670926540F120075DBC9 /* UrbanQuiz */ = {
			isa = PBXGroup;
			children = (
				8940670A26540F120075DBC9 /* UrbanQuizApp.swift */,
				8940670C26540F120075DBC9 /* ContentView.swift */,
				8940670E26540F150075DBC9 /* Assets.xcassets */,
				8940671326540F150075DBC9 /* Info.plist */,
				58D95A89265426B10070BF5D /* Settings */,
				8940671026540F150075DBC9 /* Preview Content */,
				8999EBC0265C239D00347EEE /* Common */,
				8940674826542F0A0075DBC9 /* Views */,
				8940674726542F010075DBC9 /* Data */,
			);
			path = UrbanQuiz;
			sourceTree = "<group>";
		};
		8940671026540F150075DBC9 /* Preview Content */ = {
			isa = PBXGroup;
			children = (
				8940671126540F150075DBC9 /* Preview Assets.xcassets */,
			);
			path = "Preview Content";
			sourceTree = "<group>";
		};
		8940674726542F010075DBC9 /* Data */ = {
			isa = PBXGroup;
			children = (
				8940674B26542F4C0075DBC9 /* Quiz.xcdatamodeld */,
				8940674426542DA40075DBC9 /* PersistantContainer.swift */,
				8940674F26552BEC0075DBC9 /* QuestionsStorage.swift */,
			);
			path = Data;
			sourceTree = "<group>";
		};
		8940674826542F0A0075DBC9 /* Views */ = {
			isa = PBXGroup;
			children = (
				894067362654261C0075DBC9 /* QuizButtonView.swift */,
				8999EC56265D0BD400347EEE /* NextButtonView.swift */,
			);
			path = Views;
			sourceTree = "<group>";
		};
		8999EBC0265C239D00347EEE /* Common */ = {
			isa = PBXGroup;
			children = (
				8999EBC1265C23AC00347EEE /* ViewExtensions.swift */,
			);
			path = Common;
			sourceTree = "<group>";
		};
/* End PBXGroup section */

/* Begin PBXNativeTarget section */
		8940670626540F120075DBC9 /* UrbanQuiz */ = {
			isa = PBXNativeTarget;
			buildConfigurationList = 8940671626540F150075DBC9 /* Build configuration list for PBXNativeTarget "UrbanQuiz" */;
			buildPhases = (
				8940670326540F120075DBC9 /* Sources */,
				8940670426540F120075DBC9 /* Frameworks */,
				8940670526540F120075DBC9 /* Resources */,
			);
			buildRules = (
			);
			dependencies = (
			);
			name = UrbanQuiz;
			productName = UrbanQuiz;
			productReference = 8940670726540F120075DBC9 /* UrbanQuiz.app */;
			productType = "com.apple.product-type.application";
		};
/* End PBXNativeTarget section */

/* Begin PBXProject section */
		894066FF26540F120075DBC9 /* Project object */ = {
			isa = PBXProject;
			attributes = {
				LastSwiftUpdateCheck = 1240;
				LastUpgradeCheck = 1240;
				TargetAttributes = {
					8940670626540F120075DBC9 = {
						CreatedOnToolsVersion = 12.4;
					};
				};
			};
			buildConfigurationList = 8940670226540F120075DBC9 /* Build configuration list for PBXProject "UrbanQuiz" */;
			compatibilityVersion = "Xcode 9.3";
			developmentRegion = en;
			hasScannedForEncodings = 0;
			knownRegions = (
				en,
				Base,
			);
			mainGroup = 894066FE26540F120075DBC9;
			productRefGroup = 8940670826540F120075DBC9 /* Products */;
			projectDirPath = "";
			projectRoot = "";
			targets = (
				8940670626540F120075DBC9 /* UrbanQuiz */,
			);
		};
/* End PBXProject section */

/* Begin PBXResourcesBuildPhase section */
		8940670526540F120075DBC9 /* Resources */ = {
			isa = PBXResourcesBuildPhase;
			buildActionMask = 2147483647;
			files = (
				8940671226540F150075DBC9 /* Preview Assets.xcassets in Resources */,
				8940670F26540F150075DBC9 /* Assets.xcassets in Resources */,
			);
			runOnlyForDeploymentPostprocessing = 0;
		};
/* End PBXResourcesBuildPhase section */

/* Begin PBXSourcesBuildPhase section */
		8940670326540F120075DBC9 /* Sources */ = {
			isa = PBXSourcesBuildPhase;
			buildActionMask = 2147483647;
			files = (
				58D95A8B265426C00070BF5D /* Settings.swift in Sources */,
				58EC039626542BC10064A862 /* SettingsItem.swift in Sources */,
				8940670D26540F120075DBC9 /* ContentView.swift in Sources */,
				8940675026552BEC0075DBC9 /* QuestionsStorage.swift in Sources */,
				8940674526542DA40075DBC9 /* PersistantContainer.swift in Sources */,
				894067372654261C0075DBC9 /* QuizButtonView.swift in Sources */,
				8940674D26542F4C0075DBC9 /* Quiz.xcdatamodeld in Sources */,
				8999EBC2265C23AC00347EEE /* ViewExtensions.swift in Sources */,
				8940670B26540F120075DBC9 /* UrbanQuizApp.swift in Sources */,
				8999EC57265D0BD400347EEE /* NextButtonView.swift in Sources */,
			);
			runOnlyForDeploymentPostprocessing = 0;
		};
/* End PBXSourcesBuildPhase section */

/* Begin XCBuildConfiguration section */
		8940671426540F150075DBC9 /* Debug */ = {
			isa = XCBuildConfiguration;
			buildSettings = {
				ALWAYS_SEARCH_USER_PATHS = NO;
				CLANG_ANALYZER_NONNULL = YES;
				CLANG_ANALYZER_NUMBER_OBJECT_CONVERSION = YES_AGGRESSIVE;
				CLANG_CXX_LANGUAGE_STANDARD = "gnu++14";
				CLANG_CXX_LIBRARY = "libc++";
				CLANG_ENABLE_MODULES = YES;
				CLANG_ENABLE_OBJC_ARC = YES;
				CLANG_ENABLE_OBJC_WEAK = YES;
				CLANG_WARN_BLOCK_CAPTURE_AUTORELEASING = YES;
				CLANG_WARN_BOOL_CONVERSION = YES;
				CLANG_WARN_COMMA = YES;
				CLANG_WARN_CONSTANT_CONVERSION = YES;
				CLANG_WARN_DEPRECATED_OBJC_IMPLEMENTATIONS = YES;
				CLANG_WARN_DIRECT_OBJC_ISA_USAGE = YES_ERROR;
				CLANG_WARN_DOCUMENTATION_COMMENTS = YES;
				CLANG_WARN_EMPTY_BODY = YES;
				CLANG_WARN_ENUM_CONVERSION = YES;
				CLANG_WARN_INFINITE_RECURSION = YES;
				CLANG_WARN_INT_CONVERSION = YES;
				CLANG_WARN_NON_LITERAL_NULL_CONVERSION = YES;
				CLANG_WARN_OBJC_IMPLICIT_RETAIN_SELF = YES;
				CLANG_WARN_OBJC_LITERAL_CONVERSION = YES;
				CLANG_WARN_OBJC_ROOT_CLASS = YES_ERROR;
				CLANG_WARN_QUOTED_INCLUDE_IN_FRAMEWORK_HEADER = YES;
				CLANG_WARN_RANGE_LOOP_ANALYSIS = YES;
				CLANG_WARN_STRICT_PROTOTYPES = YES;
				CLANG_WARN_SUSPICIOUS_MOVE = YES;
				CLANG_WARN_UNGUARDED_AVAILABILITY = YES_AGGRESSIVE;
				CLANG_WARN_UNREACHABLE_CODE = YES;
				CLANG_WARN__DUPLICATE_METHOD_MATCH = YES;
				COPY_PHASE_STRIP = NO;
				DEBUG_INFORMATION_FORMAT = dwarf;
				ENABLE_STRICT_OBJC_MSGSEND = YES;
				ENABLE_TESTABILITY = YES;
				GCC_C_LANGUAGE_STANDARD = gnu11;
				GCC_DYNAMIC_NO_PIC = NO;
				GCC_NO_COMMON_BLOCKS = YES;
				GCC_OPTIMIZATION_LEVEL = 0;
				GCC_PREPROCESSOR_DEFINITIONS = (
					"DEBUG=1",
					"$(inherited)",
				);
				GCC_WARN_64_TO_32_BIT_CONVERSION = YES;
				GCC_WARN_ABOUT_RETURN_TYPE = YES_ERROR;
				GCC_WARN_UNDECLARED_SELECTOR = YES;
				GCC_WARN_UNINITIALIZED_AUTOS = YES_AGGRESSIVE;
				GCC_WARN_UNUSED_FUNCTION = YES;
				GCC_WARN_UNUSED_VARIABLE = YES;
				IPHONEOS_DEPLOYMENT_TARGET = 14.4;
				MTL_ENABLE_DEBUG_INFO = INCLUDE_SOURCE;
				MTL_FAST_MATH = YES;
				ONLY_ACTIVE_ARCH = YES;
				SDKROOT = iphoneos;
				SWIFT_ACTIVE_COMPILATION_CONDITIONS = DEBUG;
				SWIFT_OPTIMIZATION_LEVEL = "-Onone";
			};
			name = Debug;
		};
		8940671526540F150075DBC9 /* Release */ = {
			isa = XCBuildConfiguration;
			buildSettings = {
				ALWAYS_SEARCH_USER_PATHS = NO;
				CLANG_ANALYZER_NONNULL = YES;
				CLANG_ANALYZER_NUMBER_OBJECT_CONVERSION = YES_AGGRESSIVE;
				CLANG_CXX_LANGUAGE_STANDARD = "gnu++14";
				CLANG_CXX_LIBRARY = "libc++";
				CLANG_ENABLE_MODULES = YES;
				CLANG_ENABLE_OBJC_ARC = YES;
				CLANG_ENABLE_OBJC_WEAK = YES;
				CLANG_WARN_BLOCK_CAPTURE_AUTORELEASING = YES;
				CLANG_WARN_BOOL_CONVERSION = YES;
				CLANG_WARN_COMMA = YES;
				CLANG_WARN_CONSTANT_CONVERSION = YES;
				CLANG_WARN_DEPRECATED_OBJC_IMPLEMENTATIONS = YES;
				CLANG_WARN_DIRECT_OBJC_ISA_USAGE = YES_ERROR;
				CLANG_WARN_DOCUMENTATION_COMMENTS = YES;
				CLANG_WARN_EMPTY_BODY = YES;
				CLANG_WARN_ENUM_CONVERSION = YES;
				CLANG_WARN_INFINITE_RECURSION = YES;
				CLANG_WARN_INT_CONVERSION = YES;
				CLANG_WARN_NON_LITERAL_NULL_CONVERSION = YES;
				CLANG_WARN_OBJC_IMPLICIT_RETAIN_SELF = YES;
				CLANG_WARN_OBJC_LITERAL_CONVERSION = YES;
				CLANG_WARN_OBJC_ROOT_CLASS = YES_ERROR;
				CLANG_WARN_QUOTED_INCLUDE_IN_FRAMEWORK_HEADER = YES;
				CLANG_WARN_RANGE_LOOP_ANALYSIS = YES;
				CLANG_WARN_STRICT_PROTOTYPES = YES;
				CLANG_WARN_SUSPICIOUS_MOVE = YES;
				CLANG_WARN_UNGUARDED_AVAILABILITY = YES_AGGRESSIVE;
				CLANG_WARN_UNREACHABLE_CODE = YES;
				CLANG_WARN__DUPLICATE_METHOD_MATCH = YES;
				COPY_PHASE_STRIP = NO;
				DEBUG_INFORMATION_FORMAT = "dwarf-with-dsym";
				ENABLE_NS_ASSERTIONS = NO;
				ENABLE_STRICT_OBJC_MSGSEND = YES;
				GCC_C_LANGUAGE_STANDARD = gnu11;
				GCC_NO_COMMON_BLOCKS = YES;
				GCC_WARN_64_TO_32_BIT_CONVERSION = YES;
				GCC_WARN_ABOUT_RETURN_TYPE = YES_ERROR;
				GCC_WARN_UNDECLARED_SELECTOR = YES;
				GCC_WARN_UNINITIALIZED_AUTOS = YES_AGGRESSIVE;
				GCC_WARN_UNUSED_FUNCTION = YES;
				GCC_WARN_UNUSED_VARIABLE = YES;
				IPHONEOS_DEPLOYMENT_TARGET = 14.4;
				MTL_ENABLE_DEBUG_INFO = NO;
				MTL_FAST_MATH = YES;
				SDKROOT = iphoneos;
				SWIFT_COMPILATION_MODE = wholemodule;
				SWIFT_OPTIMIZATION_LEVEL = "-O";
				VALIDATE_PRODUCT = YES;
			};
			name = Release;
		};
		8940671726540F150075DBC9 /* Debug */ = {
			isa = XCBuildConfiguration;
			buildSettings = {
				ASSETCATALOG_COMPILER_APPICON_NAME = AppIcon;
				ASSETCATALOG_COMPILER_GLOBAL_ACCENT_COLOR_NAME = AccentColor;
				CODE_SIGN_STYLE = Automatic;
				DEVELOPMENT_ASSET_PATHS = "\"UrbanQuiz/Preview Content\"";
				DEVELOPMENT_TEAM = PX8TS3NF66;
				ENABLE_PREVIEWS = YES;
				INFOPLIST_FILE = UrbanQuiz/Info.plist;
				IPHONEOS_DEPLOYMENT_TARGET = 14.0;
				LD_RUNPATH_SEARCH_PATHS = (
					"$(inherited)",
					"@executable_path/Frameworks",
				);
				PRODUCT_BUNDLE_IDENTIFIER = com.urbanquiz.UrbanQuiz;
				PRODUCT_NAME = "$(TARGET_NAME)";
				SWIFT_VERSION = 5.0;
				TARGETED_DEVICE_FAMILY = "1,2";
			};
			name = Debug;
		};
		8940671826540F150075DBC9 /* Release */ = {
			isa = XCBuildConfiguration;
			buildSettings = {
				ASSETCATALOG_COMPILER_APPICON_NAME = AppIcon;
				ASSETCATALOG_COMPILER_GLOBAL_ACCENT_COLOR_NAME = AccentColor;
				CODE_SIGN_STYLE = Automatic;
				DEVELOPMENT_ASSET_PATHS = "\"UrbanQuiz/Preview Content\"";
				DEVELOPMENT_TEAM = PX8TS3NF66;
				ENABLE_PREVIEWS = YES;
				INFOPLIST_FILE = UrbanQuiz/Info.plist;
				IPHONEOS_DEPLOYMENT_TARGET = 14.0;
				LD_RUNPATH_SEARCH_PATHS = (
					"$(inherited)",
					"@executable_path/Frameworks",
				);
				PRODUCT_BUNDLE_IDENTIFIER = com.urbanquiz.UrbanQuiz;
				PRODUCT_NAME = "$(TARGET_NAME)";
				SWIFT_VERSION = 5.0;
				TARGETED_DEVICE_FAMILY = "1,2";
			};
			name = Release;
		};
/* End XCBuildConfiguration section */

/* Begin XCConfigurationList section */
		8940670226540F120075DBC9 /* Build configuration list for PBXProject "UrbanQuiz" */ = {
			isa = XCConfigurationList;
			buildConfigurations = (
				8940671426540F150075DBC9 /* Debug */,
				8940671526540F150075DBC9 /* Release */,
			);
			defaultConfigurationIsVisible = 0;
			defaultConfigurationName = Release;
		};
		8940671626540F150075DBC9 /* Build configuration list for PBXNativeTarget "UrbanQuiz" */ = {
			isa = XCConfigurationList;
			buildConfigurations = (
				8940671726540F150075DBC9 /* Debug */,
				8940671826540F150075DBC9 /* Release */,
			);
			defaultConfigurationIsVisible = 0;
			defaultConfigurationName = Release;
		};
/* End XCConfigurationList section */

/* Begin XCVersionGroup section */
		8940674B26542F4C0075DBC9 /* Quiz.xcdatamodeld */ = {
			isa = XCVersionGroup;
			children = (
				8940674C26542F4C0075DBC9 /* Question.xcdatamodel */,
			);
			currentVersion = 8940674C26542F4C0075DBC9 /* Question.xcdatamodel */;
			path = Quiz.xcdatamodeld;
			sourceTree = "<group>";
			versionGroupType = wrapper.xcdatamodel;
		};
/* End XCVersionGroup section */
	};
	rootObject = 894066FF26540F120075DBC9 /* Project object */;
}
